// !$*UTF8*$!
{
	archiveVersion = 1;
	classes = {
	};
	objectVersion = 51;
	objects = {

/* Begin PBXBuildFile section */
		2D5F891D26BFA5F000E5DDA0 /* ModelAPIData.m in Sources */ = {isa = PBXBuildFile; fileRef = 2D5F891C26BFA5F000E5DDA0 /* ModelAPIData.m */; };
		2D5F892026BFDF6000E5DDA0 /* ModelAPIQuotesRoot.m in Sources */ = {isa = PBXBuildFile; fileRef = 2D5F891F26BFDF6000E5DDA0 /* ModelAPIQuotesRoot.m */; };
		2DDB533E26B958050026D1F4 /* AppDelegate.m in Sources */ = {isa = PBXBuildFile; fileRef = 2DDB533D26B958050026D1F4 /* AppDelegate.m */; };
		2DDB534126B958050026D1F4 /* SceneDelegate.m in Sources */ = {isa = PBXBuildFile; fileRef = 2DDB534026B958050026D1F4 /* SceneDelegate.m */; };
		2DDB534426B958050026D1F4 /* ViewController.m in Sources */ = {isa = PBXBuildFile; fileRef = 2DDB534326B958050026D1F4 /* ViewController.m */; };
		2DDB534726B958050026D1F4 /* Main.storyboard in Resources */ = {isa = PBXBuildFile; fileRef = 2DDB534526B958050026D1F4 /* Main.storyboard */; };
		2DDB534926B958060026D1F4 /* Assets.xcassets in Resources */ = {isa = PBXBuildFile; fileRef = 2DDB534826B958060026D1F4 /* Assets.xcassets */; };
		2DDB534C26B958060026D1F4 /* LaunchScreen.storyboard in Resources */ = {isa = PBXBuildFile; fileRef = 2DDB534A26B958060026D1F4 /* LaunchScreen.storyboard */; };
		2DDB534F26B958060026D1F4 /* main.m in Sources */ = {isa = PBXBuildFile; fileRef = 2DDB534E26B958060026D1F4 /* main.m */; };
		2DDB535826B9665E0026D1F4 /* CustomTableViewCell.m in Sources */ = {isa = PBXBuildFile; fileRef = 2DDB535626B9665E0026D1F4 /* CustomTableViewCell.m */; };
		2DDB535926B9665E0026D1F4 /* CustomTableViewCell.xib in Resources */ = {isa = PBXBuildFile; fileRef = 2DDB535726B9665E0026D1F4 /* CustomTableViewCell.xib */; };
		816E66BAC987FFD154DEECE7 /* Pods_FamousQuotes.framework in Frameworks */ = {isa = PBXBuildFile; fileRef = 668FD213B87678C95BE40BEF /* Pods_FamousQuotes.framework */; };
/* End PBXBuildFile section */

/* Begin PBXFileReference section */
		2D5F891B26BFA5F000E5DDA0 /* ModelAPIData.h */ = {isa = PBXFileReference; lastKnownFileType = sourcecode.c.h; path = ModelAPIData.h; sourceTree = "<group>"; };
		2D5F891C26BFA5F000E5DDA0 /* ModelAPIData.m */ = {isa = PBXFileReference; lastKnownFileType = sourcecode.c.objc; path = ModelAPIData.m; sourceTree = "<group>"; };
		2D5F891E26BFDF6000E5DDA0 /* ModelAPIQuotesRoot.h */ = {isa = PBXFileReference; lastKnownFileType = sourcecode.c.h; path = ModelAPIQuotesRoot.h; sourceTree = "<group>"; };
		2D5F891F26BFDF6000E5DDA0 /* ModelAPIQuotesRoot.m */ = {isa = PBXFileReference; lastKnownFileType = sourcecode.c.objc; path = ModelAPIQuotesRoot.m; sourceTree = "<group>"; };
		2DDB533926B958050026D1F4 /* FamousQuotes.app */ = {isa = PBXFileReference; explicitFileType = wrapper.application; includeInIndex = 0; path = FamousQuotes.app; sourceTree = BUILT_PRODUCTS_DIR; };
		2DDB533C26B958050026D1F4 /* AppDelegate.h */ = {isa = PBXFileReference; lastKnownFileType = sourcecode.c.h; path = AppDelegate.h; sourceTree = "<group>"; };
		2DDB533D26B958050026D1F4 /* AppDelegate.m */ = {isa = PBXFileReference; lastKnownFileType = sourcecode.c.objc; path = AppDelegate.m; sourceTree = "<group>"; };
		2DDB533F26B958050026D1F4 /* SceneDelegate.h */ = {isa = PBXFileReference; lastKnownFileType = sourcecode.c.h; path = SceneDelegate.h; sourceTree = "<group>"; };
		2DDB534026B958050026D1F4 /* SceneDelegate.m */ = {isa = PBXFileReference; lastKnownFileType = sourcecode.c.objc; path = SceneDelegate.m; sourceTree = "<group>"; };
		2DDB534226B958050026D1F4 /* ViewController.h */ = {isa = PBXFileReference; lastKnownFileType = sourcecode.c.h; path = ViewController.h; sourceTree = "<group>"; };
		2DDB534326B958050026D1F4 /* ViewController.m */ = {isa = PBXFileReference; lastKnownFileType = sourcecode.c.objc; path = ViewController.m; sourceTree = "<group>"; };
		2DDB534626B958050026D1F4 /* Base */ = {isa = PBXFileReference; lastKnownFileType = file.storyboard; name = Base; path = Base.lproj/Main.storyboard; sourceTree = "<group>"; };
		2DDB534826B958060026D1F4 /* Assets.xcassets */ = {isa = PBXFileReference; lastKnownFileType = folder.assetcatalog; path = Assets.xcassets; sourceTree = "<group>"; };
		2DDB534B26B958060026D1F4 /* Base */ = {isa = PBXFileReference; lastKnownFileType = file.storyboard; name = Base; path = Base.lproj/LaunchScreen.storyboard; sourceTree = "<group>"; };
		2DDB534D26B958060026D1F4 /* Info.plist */ = {isa = PBXFileReference; lastKnownFileType = text.plist.xml; path = Info.plist; sourceTree = "<group>"; };
		2DDB534E26B958060026D1F4 /* main.m */ = {isa = PBXFileReference; lastKnownFileType = sourcecode.c.objc; path = main.m; sourceTree = "<group>"; };
		2DDB535526B9665E0026D1F4 /* CustomTableViewCell.h */ = {isa = PBXFileReference; lastKnownFileType = sourcecode.c.h; path = CustomTableViewCell.h; sourceTree = "<group>"; };
		2DDB535626B9665E0026D1F4 /* CustomTableViewCell.m */ = {isa = PBXFileReference; lastKnownFileType = sourcecode.c.objc; path = CustomTableViewCell.m; sourceTree = "<group>"; };
		2DDB535726B9665E0026D1F4 /* CustomTableViewCell.xib */ = {isa = PBXFileReference; lastKnownFileType = file.xib; path = CustomTableViewCell.xib; sourceTree = "<group>"; };
		668FD213B87678C95BE40BEF /* Pods_FamousQuotes.framework */ = {isa = PBXFileReference; explicitFileType = wrapper.framework; includeInIndex = 0; path = Pods_FamousQuotes.framework; sourceTree = BUILT_PRODUCTS_DIR; };
		9C1DA188B51A35A73C2DA3B1 /* Pods-FamousQuotes.release.xcconfig */ = {isa = PBXFileReference; includeInIndex = 1; lastKnownFileType = text.xcconfig; name = "Pods-FamousQuotes.release.xcconfig"; path = "Target Support Files/Pods-FamousQuotes/Pods-FamousQuotes.release.xcconfig"; sourceTree = "<group>"; };
		9CE503568D56F1B5AB84641D /* Pods-FamousQuotes.debug.xcconfig */ = {isa = PBXFileReference; includeInIndex = 1; lastKnownFileType = text.xcconfig; name = "Pods-FamousQuotes.debug.xcconfig"; path = "Target Support Files/Pods-FamousQuotes/Pods-FamousQuotes.debug.xcconfig"; sourceTree = "<group>"; };
/* End PBXFileReference section */

/* Begin PBXFrameworksBuildPhase section */
		2DDB533626B958050026D1F4 /* Frameworks */ = {
			isa = PBXFrameworksBuildPhase;
			buildActionMask = 2147483647;
			files = (
				816E66BAC987FFD154DEECE7 /* Pods_FamousQuotes.framework in Frameworks */,
			);
			runOnlyForDeploymentPostprocessing = 0;
		};
/* End PBXFrameworksBuildPhase section */

/* Begin PBXGroup section */
		2DDB533026B958050026D1F4 = {
			isa = PBXGroup;
			children = (
				2DDB533B26B958050026D1F4 /* FamousQuotes */,
				2DDB533A26B958050026D1F4 /* Products */,
				B5EA32008670E2D81F09E861 /* Pods */,
				4DCEE4E2031A415DB2DD0E05 /* Frameworks */,
			);
			sourceTree = "<group>";
		};
		2DDB533A26B958050026D1F4 /* Products */ = {
			isa = PBXGroup;
			children = (
				2DDB533926B958050026D1F4 /* FamousQuotes.app */,
			);
			name = Products;
			sourceTree = "<group>";
		};
		2DDB533B26B958050026D1F4 /* FamousQuotes */ = {
			isa = PBXGroup;
			children = (
				2DDB533C26B958050026D1F4 /* AppDelegate.h */,
				2DDB533D26B958050026D1F4 /* AppDelegate.m */,
				2DDB533F26B958050026D1F4 /* SceneDelegate.h */,
				2DDB534026B958050026D1F4 /* SceneDelegate.m */,
				2DDB534226B958050026D1F4 /* ViewController.h */,
				2DDB534326B958050026D1F4 /* ViewController.m */,
				2DDB534526B958050026D1F4 /* Main.storyboard */,
				2DDB534826B958060026D1F4 /* Assets.xcassets */,
				2DDB534A26B958060026D1F4 /* LaunchScreen.storyboard */,
				2DDB534D26B958060026D1F4 /* Info.plist */,
				2DDB534E26B958060026D1F4 /* main.m */,
				2DDB535526B9665E0026D1F4 /* CustomTableViewCell.h */,
				2DDB535626B9665E0026D1F4 /* CustomTableViewCell.m */,
				2DDB535726B9665E0026D1F4 /* CustomTableViewCell.xib */,
				2D5F891B26BFA5F000E5DDA0 /* ModelAPIData.h */,
				2D5F891C26BFA5F000E5DDA0 /* ModelAPIData.m */,
				2D5F891E26BFDF6000E5DDA0 /* ModelAPIQuotesRoot.h */,
				2D5F891F26BFDF6000E5DDA0 /* ModelAPIQuotesRoot.m */,
			);
			path = FamousQuotes;
			sourceTree = "<group>";
		};
		4DCEE4E2031A415DB2DD0E05 /* Frameworks */ = {
			isa = PBXGroup;
			children = (
				668FD213B87678C95BE40BEF /* Pods_FamousQuotes.framework */,
			);
			name = Frameworks;
			sourceTree = "<group>";
		};
		B5EA32008670E2D81F09E861 /* Pods */ = {
			isa = PBXGroup;
			children = (
				9CE503568D56F1B5AB84641D /* Pods-FamousQuotes.debug.xcconfig */,
				9C1DA188B51A35A73C2DA3B1 /* Pods-FamousQuotes.release.xcconfig */,
			);
			path = Pods;
			sourceTree = "<group>";
		};
/* End PBXGroup section */

/* Begin PBXNativeTarget section */
		2DDB533826B958050026D1F4 /* FamousQuotes */ = {
			isa = PBXNativeTarget;
			buildConfigurationList = 2DDB535226B958060026D1F4 /* Build configuration list for PBXNativeTarget "FamousQuotes" */;
			buildPhases = (
				6B15A973D4291B9F7F192721 /* [CP] Check Pods Manifest.lock */,
				2DDB533526B958050026D1F4 /* Sources */,
				2DDB533626B958050026D1F4 /* Frameworks */,
				2DDB533726B958050026D1F4 /* Resources */,
				FED8F32BF60F8A333AB447A6 /* [CP] Embed Pods Frameworks */,
			);
			buildRules = (
			);
			dependencies = (
			);
			name = FamousQuotes;
			productName = FamousQuotes;
			productReference = 2DDB533926B958050026D1F4 /* FamousQuotes.app */;
			productType = "com.apple.product-type.application";
		};
/* End PBXNativeTarget section */

/* Begin PBXProject section */
		2DDB533126B958050026D1F4 /* Project object */ = {
			isa = PBXProject;
			attributes = {
				LastUpgradeCheck = 1250;
				TargetAttributes = {
					2DDB533826B958050026D1F4 = {
						CreatedOnToolsVersion = 12.5;
					};
				};
			};
			buildConfigurationList = 2DDB533426B958050026D1F4 /* Build configuration list for PBXProject "FamousQuotes" */;
			compatibilityVersion = "Xcode 9.3";
			developmentRegion = en;
			hasScannedForEncodings = 0;
			knownRegions = (
				en,
				Base,
			);
			mainGroup = 2DDB533026B958050026D1F4;
			productRefGroup = 2DDB533A26B958050026D1F4 /* Products */;
			projectDirPath = "";
			projectRoot = "";
			targets = (
				2DDB533826B958050026D1F4 /* FamousQuotes */,
			);
		};
/* End PBXProject section */

/* Begin PBXResourcesBuildPhase section */
		2DDB533726B958050026D1F4 /* Resources */ = {
			isa = PBXResourcesBuildPhase;
			buildActionMask = 2147483647;
			files = (
				2DDB534C26B958060026D1F4 /* LaunchScreen.storyboard in Resources */,
				2DDB534926B958060026D1F4 /* Assets.xcassets in Resources */,
				2DDB535926B9665E0026D1F4 /* CustomTableViewCell.xib in Resources */,
				2DDB534726B958050026D1F4 /* Main.storyboard in Resources */,
			);
			runOnlyForDeploymentPostprocessing = 0;
		};
/* End PBXResourcesBuildPhase section */

/* Begin PBXShellScriptBuildPhase section */
		6B15A973D4291B9F7F192721 /* [CP] Check Pods Manifest.lock */ = {
			isa = PBXShellScriptBuildPhase;
			buildActionMask = 2147483647;
			files = (
			);
			inputFileListPaths = (
			);
			inputPaths = (
				"${PODS_PODFILE_DIR_PATH}/Podfile.lock",
				"${PODS_ROOT}/Manifest.lock",
			);
			name = "[CP] Check Pods Manifest.lock";
			outputFileListPaths = (
			);
			outputPaths = (
				"$(DERIVED_FILE_DIR)/Pods-FamousQuotes-checkManifestLockResult.txt",
			);
			runOnlyForDeploymentPostprocessing = 0;
			shellPath = /bin/sh;
			shellScript = "diff \"${PODS_PODFILE_DIR_PATH}/Podfile.lock\" \"${PODS_ROOT}/Manifest.lock\" > /dev/null\nif [ $? != 0 ] ; then\n    # print error to STDERR\n    echo \"error: The sandbox is not in sync with the Podfile.lock. Run 'pod install' or update your CocoaPods installation.\" >&2\n    exit 1\nfi\n# This output is used by Xcode 'outputs' to avoid re-running this script phase.\necho \"SUCCESS\" > \"${SCRIPT_OUTPUT_FILE_0}\"\n";
			showEnvVarsInLog = 0;
		};
		FED8F32BF60F8A333AB447A6 /* [CP] Embed Pods Frameworks */ = {
			isa = PBXShellScriptBuildPhase;
			buildActionMask = 2147483647;
			files = (
			);
			inputFileListPaths = (
				"${PODS_ROOT}/Target Support Files/Pods-FamousQuotes/Pods-FamousQuotes-frameworks-${CONFIGURATION}-input-files.xcfilelist",
			);
			name = "[CP] Embed Pods Frameworks";
			outputFileListPaths = (
				"${PODS_ROOT}/Target Support Files/Pods-FamousQuotes/Pods-FamousQuotes-frameworks-${CONFIGURATION}-output-files.xcfilelist",
			);
			runOnlyForDeploymentPostprocessing = 0;
			shellPath = /bin/sh;
			shellScript = "\"${PODS_ROOT}/Target Support Files/Pods-FamousQuotes/Pods-FamousQuotes-frameworks.sh\"\n";
			showEnvVarsInLog = 0;
		};
/* End PBXShellScriptBuildPhase section */

/* Begin PBXSourcesBuildPhase section */
		2DDB533526B958050026D1F4 /* Sources */ = {
			isa = PBXSourcesBuildPhase;
			buildActionMask = 2147483647;
			files = (
				2DDB534426B958050026D1F4 /* ViewController.m in Sources */,
				2DDB533E26B958050026D1F4 /* AppDelegate.m in Sources */,
				2D5F891D26BFA5F000E5DDA0 /* ModelAPIData.m in Sources */,
				2DDB534F26B958060026D1F4 /* main.m in Sources */,
				2DDB535826B9665E0026D1F4 /* CustomTableViewCell.m in Sources */,
				2DDB534126B958050026D1F4 /* SceneDelegate.m in Sources */,
				2D5F892026BFDF6000E5DDA0 /* ModelAPIQuotesRoot.m in Sources */,
			);
			runOnlyForDeploymentPostprocessing = 0;
		};
/* End PBXSourcesBuildPhase section */

/* Begin PBXVariantGroup section */
		2DDB534526B958050026D1F4 /* Main.storyboard */ = {
			isa = PBXVariantGroup;
			children = (
				2DDB534626B958050026D1F4 /* Base */,
			);
			name = Main.storyboard;
			sourceTree = "<group>";
		};
		2DDB534A26B958060026D1F4 /* LaunchScreen.storyboard */ = {
			isa = PBXVariantGroup;
			children = (
				2DDB534B26B958060026D1F4 /* Base */,
			);
			name = LaunchScreen.storyboard;
			sourceTree = "<group>";
		};
/* End PBXVariantGroup section */

/* Begin XCBuildConfiguration section */
		2DDB535026B958060026D1F4 /* Debug */ = {
			isa = XCBuildConfiguration;
			buildSettings = {
				ALWAYS_SEARCH_USER_PATHS = NO;
				CLANG_ANALYZER_NONNULL = YES;
				CLANG_ANALYZER_NUMBER_OBJECT_CONVERSION = YES_AGGRESSIVE;
				CLANG_CXX_LANGUAGE_STANDARD = "gnu++14";
				CLANG_CXX_LIBRARY = "libc++";
				CLANG_ENABLE_MODULES = YES;
				CLANG_ENABLE_OBJC_ARC = YES;
				CLANG_ENABLE_OBJC_WEAK = YES;
				CLANG_WARN_BLOCK_CAPTURE_AUTORELEASING = YES;
				CLANG_WARN_BOOL_CONVERSION = YES;
				CLANG_WARN_COMMA = YES;
				CLANG_WARN_CONSTANT_CONVERSION = YES;
				CLANG_WARN_DEPRECATED_OBJC_IMPLEMENTATIONS = YES;
				CLANG_WARN_DIRECT_OBJC_ISA_USAGE = YES_ERROR;
				CLANG_WARN_DOCUMENTATION_COMMENTS = YES;
				CLANG_WARN_EMPTY_BODY = YES;
				CLANG_WARN_ENUM_CONVERSION = YES;
				CLANG_WARN_INFINITE_RECURSION = YES;
				CLANG_WARN_INT_CONVERSION = YES;
				CLANG_WARN_NON_LITERAL_NULL_CONVERSION = YES;
				CLANG_WARN_OBJC_IMPLICIT_RETAIN_SELF = YES;
				CLANG_WARN_OBJC_LITERAL_CONVERSION = YES;
				CLANG_WARN_OBJC_ROOT_CLASS = YES_ERROR;
				CLANG_WARN_QUOTED_INCLUDE_IN_FRAMEWORK_HEADER = YES;
				CLANG_WARN_RANGE_LOOP_ANALYSIS = YES;
				CLANG_WARN_STRICT_PROTOTYPES = YES;
				CLANG_WARN_SUSPICIOUS_MOVE = YES;
				CLANG_WARN_UNGUARDED_AVAILABILITY = YES_AGGRESSIVE;
				CLANG_WARN_UNREACHABLE_CODE = YES;
				CLANG_WARN__DUPLICATE_METHOD_MATCH = YES;
				COPY_PHASE_STRIP = NO;
				DEBUG_INFORMATION_FORMAT = dwarf;
				ENABLE_STRICT_OBJC_MSGSEND = YES;
				ENABLE_TESTABILITY = YES;
				GCC_C_LANGUAGE_STANDARD = gnu11;
				GCC_DYNAMIC_NO_PIC = NO;
				GCC_NO_COMMON_BLOCKS = YES;
				GCC_OPTIMIZATION_LEVEL = 0;
				GCC_PREPROCESSOR_DEFINITIONS = (
					"DEBUG=1",
					"$(inherited)",
				);
				GCC_WARN_64_TO_32_BIT_CONVERSION = YES;
				GCC_WARN_ABOUT_RETURN_TYPE = YES_ERROR;
				GCC_WARN_UNDECLARED_SELECTOR = YES;
				GCC_WARN_UNINITIALIZED_AUTOS = YES_AGGRESSIVE;
				GCC_WARN_UNUSED_FUNCTION = YES;
				GCC_WARN_UNUSED_VARIABLE = YES;
				IPHONEOS_DEPLOYMENT_TARGET = 14.5;
				MTL_ENABLE_DEBUG_INFO = INCLUDE_SOURCE;
				MTL_FAST_MATH = YES;
				ONLY_ACTIVE_ARCH = YES;
				SDKROOT = iphoneos;
			};
			name = Debug;
		};
		2DDB535126B958060026D1F4 /* Release */ = {
			isa = XCBuildConfiguration;
			buildSettings = {
				ALWAYS_SEARCH_USER_PATHS = NO;
				CLANG_ANALYZER_NONNULL = YES;
				CLANG_ANALYZER_NUMBER_OBJECT_CONVERSION = YES_AGGRESSIVE;
				CLANG_CXX_LANGUAGE_STANDARD = "gnu++14";
				CLANG_CXX_LIBRARY = "libc++";
				CLANG_ENABLE_MODULES = YES;
				CLANG_ENABLE_OBJC_ARC = YES;
				CLANG_ENABLE_OBJC_WEAK = YES;
				CLANG_WARN_BLOCK_CAPTURE_AUTORELEASING = YES;
				CLANG_WARN_BOOL_CONVERSION = YES;
				CLANG_WARN_COMMA = YES;
				CLANG_WARN_CONSTANT_CONVERSION = YES;
				CLANG_WARN_DEPRECATED_OBJC_IMPLEMENTATIONS = YES;
				CLANG_WARN_DIRECT_OBJC_ISA_USAGE = YES_ERROR;
				CLANG_WARN_DOCUMENTATION_COMMENTS = YES;
				CLANG_WARN_EMPTY_BODY = YES;
				CLANG_WARN_ENUM_CONVERSION = YES;
				CLANG_WARN_INFINITE_RECURSION = YES;
				CLANG_WARN_INT_CONVERSION = YES;
				CLANG_WARN_NON_LITERAL_NULL_CONVERSION = YES;
				CLANG_WARN_OBJC_IMPLICIT_RETAIN_SELF = YES;
				CLANG_WARN_OBJC_LITERAL_CONVERSION = YES;
				CLANG_WARN_OBJC_ROOT_CLASS = YES_ERROR;
				CLANG_WARN_QUOTED_INCLUDE_IN_FRAMEWORK_HEADER = YES;
				CLANG_WARN_RANGE_LOOP_ANALYSIS = YES;
				CLANG_WARN_STRICT_PROTOTYPES = YES;
				CLANG_WARN_SUSPICIOUS_MOVE = YES;
				CLANG_WARN_UNGUARDED_AVAILABILITY = YES_AGGRESSIVE;
				CLANG_WARN_UNREACHABLE_CODE = YES;
				CLANG_WARN__DUPLICATE_METHOD_MATCH = YES;
				COPY_PHASE_STRIP = NO;
				DEBUG_INFORMATION_FORMAT = "dwarf-with-dsym";
				ENABLE_NS_ASSERTIONS = NO;
				ENABLE_STRICT_OBJC_MSGSEND = YES;
				GCC_C_LANGUAGE_STANDARD = gnu11;
				GCC_NO_COMMON_BLOCKS = YES;
				GCC_WARN_64_TO_32_BIT_CONVERSION = YES;
				GCC_WARN_ABOUT_RETURN_TYPE = YES_ERROR;
				GCC_WARN_UNDECLARED_SELECTOR = YES;
				GCC_WARN_UNINITIALIZED_AUTOS = YES_AGGRESSIVE;
				GCC_WARN_UNUSED_FUNCTION = YES;
				GCC_WARN_UNUSED_VARIABLE = YES;
				IPHONEOS_DEPLOYMENT_TARGET = 14.5;
				MTL_ENABLE_DEBUG_INFO = NO;
				MTL_FAST_MATH = YES;
				SDKROOT = iphoneos;
				VALIDATE_PRODUCT = YES;
			};
			name = Release;
		};
		2DDB535326B958060026D1F4 /* Debug */ = {
			isa = XCBuildConfiguration;
			baseConfigurationReference = 9CE503568D56F1B5AB84641D /* Pods-FamousQuotes.debug.xcconfig */;
			buildSettings = {
				ASSETCATALOG_COMPILER_APPICON_NAME = AppIcon;
				ASSETCATALOG_COMPILER_GLOBAL_ACCENT_COLOR_NAME = AccentColor;
				CODE_SIGN_STYLE = Automatic;
				DEVELOPMENT_TEAM = 28T5VPKKDG;
				INFOPLIST_FILE = FamousQuotes/Info.plist;
				LD_RUNPATH_SEARCH_PATHS = (
					"$(inherited)",
					"@executable_path/Frameworks",
				);
				PRODUCT_BUNDLE_IDENTIFIER = com.ron.FamousQuotes;
				PRODUCT_NAME = "$(TARGET_NAME)";
				TARGETED_DEVICE_FAMILY = "1,2";
			};
			name = Debug;
		};
		2DDB535426B958060026D1F4 /* Release */ = {
			isa = XCBuildConfiguration;
			baseConfigurationReference = 9C1DA188B51A35A73C2DA3B1 /* Pods-FamousQuotes.release.xcconfig */;
			buildSettings = {
				ASSETCATALOG_COMPILER_APPICON_NAME = AppIcon;
				ASSETCATALOG_COMPILER_GLOBAL_ACCENT_COLOR_NAME = AccentColor;
				CODE_SIGN_STYLE = Automatic;
				DEVELOPMENT_TEAM = 28T5VPKKDG;
				INFOPLIST_FILE = FamousQuotes/Info.plist;
				LD_RUNPATH_SEARCH_PATHS = (
					"$(inherited)",
					"@executable_path/Frameworks",
				);
				PRODUCT_BUNDLE_IDENTIFIER = com.ron.FamousQuotes;
				PRODUCT_NAME = "$(TARGET_NAME)";
				TARGETED_DEVICE_FAMILY = "1,2";
			};
			name = Release;
		};
/* End XCBuildConfiguration section */

/* Begin XCConfigurationList section */
		2DDB533426B958050026D1F4 /* Build configuration list for PBXProject "FamousQuotes" */ = {
			isa = XCConfigurationList;
			buildConfigurations = (
				2DDB535026B958060026D1F4 /* Debug */,
				2DDB535126B958060026D1F4 /* Release */,
			);
			defaultConfigurationIsVisible = 0;
			defaultConfigurationName = Release;
		};
		2DDB535226B958060026D1F4 /* Build configuration list for PBXNativeTarget "FamousQuotes" */ = {
			isa = XCConfigurationList;
			buildConfigurations = (
				2DDB535326B958060026D1F4 /* Debug */,
				2DDB535426B958060026D1F4 /* Release */,
			);
			defaultConfigurationIsVisible = 0;
			defaultConfigurationName = Release;
		};
/* End XCConfigurationList section */
	};
	rootObject = 2DDB533126B958050026D1F4 /* Project object */;
}
